
Microsoft Visual Studio Solution File, Format Version 12.00
# Visual Studio Version 16
VisualStudioVersion = 16.0.31019.35
MinimumVisualStudioVersion = 10.0.40219.1
Project("{FAE04EC0-301F-11D3-BF4B-00C04F79EFBC}") = "epam", "epam\epam.csproj", "{C77971F8-803B-4311-A8DF-732753F78A4E}"
EndProject
Global
	GlobalSection(SolutionConfigurationPlatforms) = preSolution
		Debug|Any CPU = Debug|Any CPU
		Release|Any CPU = Release|Any CPU
	EndGlobalSection
	GlobalSection(ProjectConfigurationPlatforms) = postSolution
		{C77971F8-803B-4311-A8DF-732753F78A4E}.Debug|Any CPU.ActiveCfg = Debug|Any CPU
		{C77971F8-803B-4311-A8DF-732753F78A4E}.Debug|Any CPU.Build.0 = Debug|Any CPU
		{C77971F8-803B-4311-A8DF-732753F78A4E}.Release|Any CPU.ActiveCfg = Release|Any CPU
		{C77971F8-803B-4311-A8DF-732753F78A4E}.Release|Any CPU.Build.0 = Release|Any CPU
	EndGlobalSection
	GlobalSection(SolutionProperties) = preSolution
		HideSolutionNode = FALSE
	EndGlobalSection
	GlobalSection(ExtensibilityGlobals) = postSolution
		SolutionGuid = {BA28BDE4-7156-4707-AB78-0C90750638D8}
	EndGlobalSection
EndGlobal
